
Microsoft Visual Studio Solution File, Format Version 12.00
# Visual Studio Version 16
VisualStudioVersion = 16.0.31729.503
MinimumVisualStudioVersion = 10.0.40219.1
Project("{9A19103F-16F7-4668-BE54-9A1E7A4F7556}") = "EFCoreCodeFirstSample", "EFCoreCodeFirstSample\EFCoreCodeFirstSample.csproj", "{B632FF97-1445-466B-8013-E61D5ED9BCB1}"
EndProject
Project("{9A19103F-16F7-4668-BE54-9A1E7A4F7556}") = "SampleUnitTestApp", "SampleUnitTestApp\SampleUnitTestApp.csproj", "{C69B69F2-9263-4A43-B45A-BA1B863338A7}"
EndProject
Project("{FAE04EC0-301F-11D3-BF4B-00C04F79EFBC}") = "EmployeeClientWeb", "EmployeeClientWeb\EmployeeClientWeb.csproj", "{03E9220A-B080-4293-9621-6FCBB5BE0EC5}"
EndProject
Global
	GlobalSection(SolutionConfigurationPlatforms) = preSolution
		Debug|Any CPU = Debug|Any CPU
		Release|Any CPU = Release|Any CPU
	EndGlobalSection
	GlobalSection(ProjectConfigurationPlatforms) = postSolution
		{B632FF97-1445-466B-8013-E61D5ED9BCB1}.Debug|Any CPU.ActiveCfg = Debug|Any CPU
		{B632FF97-1445-466B-8013-E61D5ED9BCB1}.Debug|Any CPU.Build.0 = Debug|Any CPU
		{B632FF97-1445-466B-8013-E61D5ED9BCB1}.Release|Any CPU.ActiveCfg = Release|Any CPU
		{B632FF97-1445-466B-8013-E61D5ED9BCB1}.Release|Any CPU.Build.0 = Release|Any CPU
		{C69B69F2-9263-4A43-B45A-BA1B863338A7}.Debug|Any CPU.ActiveCfg = Debug|Any CPU
		{C69B69F2-9263-4A43-B45A-BA1B863338A7}.Debug|Any CPU.Build.0 = Debug|Any CPU
		{C69B69F2-9263-4A43-B45A-BA1B863338A7}.Release|Any CPU.ActiveCfg = Release|Any CPU
		{C69B69F2-9263-4A43-B45A-BA1B863338A7}.Release|Any CPU.Build.0 = Release|Any CPU
		{03E9220A-B080-4293-9621-6FCBB5BE0EC5}.Debug|Any CPU.ActiveCfg = Debug|Any CPU
		{03E9220A-B080-4293-9621-6FCBB5BE0EC5}.Debug|Any CPU.Build.0 = Debug|Any CPU
		{03E9220A-B080-4293-9621-6FCBB5BE0EC5}.Release|Any CPU.ActiveCfg = Release|Any CPU
		{03E9220A-B080-4293-9621-6FCBB5BE0EC5}.Release|Any CPU.Build.0 = Release|Any CPU
	EndGlobalSection
	GlobalSection(SolutionProperties) = preSolution
		HideSolutionNode = FALSE
	EndGlobalSection
	GlobalSection(ExtensibilityGlobals) = postSolution
		SolutionGuid = {3E719871-9D65-47FB-96FD-11CA741AA5E1}
	EndGlobalSection
EndGlobal
